// !$*UTF8*$!
{
	archiveVersion = 1;
	classes = {
	};
	objectVersion = 56;
	objects = {

/* Begin PBXBuildFile section */
		5CA4E18C2A842028007EDA87 /* AppDelegate.swift in Sources */ = {isa = PBXBuildFile; fileRef = 5CA4E18B2A842028007EDA87 /* AppDelegate.swift */; };
		5CA4E18E2A842028007EDA87 /* SceneDelegate.swift in Sources */ = {isa = PBXBuildFile; fileRef = 5CA4E18D2A842028007EDA87 /* SceneDelegate.swift */; };
		5CA4E1902A842028007EDA87 /* HomeViewController.swift in Sources */ = {isa = PBXBuildFile; fileRef = 5CA4E18F2A842028007EDA87 /* HomeViewController.swift */; };
		5CA4E1932A842028007EDA87 /* Main.storyboard in Resources */ = {isa = PBXBuildFile; fileRef = 5CA4E1912A842028007EDA87 /* Main.storyboard */; };
		5CA4E1952A842028007EDA87 /* Assets.xcassets in Resources */ = {isa = PBXBuildFile; fileRef = 5CA4E1942A842028007EDA87 /* Assets.xcassets */; };
		5CA4E1982A842028007EDA87 /* LaunchScreen.storyboard in Resources */ = {isa = PBXBuildFile; fileRef = 5CA4E1962A842028007EDA87 /* LaunchScreen.storyboard */; };
		5CA4E1BC2A842603007EDA87 /* Recipes.json in Resources */ = {isa = PBXBuildFile; fileRef = 5CA4E1BB2A842603007EDA87 /* Recipes.json */; };
		5CA4E1C12A842647007EDA87 /* Recipe.swift in Sources */ = {isa = PBXBuildFile; fileRef = 5CA4E1C02A842647007EDA87 /* Recipe.swift */; };
		5CA4E1C32A84267A007EDA87 /* RecipesData.swift in Sources */ = {isa = PBXBuildFile; fileRef = 5CA4E1C22A84267A007EDA87 /* RecipesData.swift */; };
/* End PBXBuildFile section */

/* Begin PBXContainerItemProxy section */
		5CA4E19F2A842028007EDA87 /* PBXContainerItemProxy */ = {
			isa = PBXContainerItemProxy;
			containerPortal = 5CA4E1802A842028007EDA87 /* Project object */;
			proxyType = 1;
			remoteGlobalIDString = 5CA4E1872A842028007EDA87;
			remoteInfo = RecipeApp;
		};
		5CA4E1A92A842028007EDA87 /* PBXContainerItemProxy */ = {
			isa = PBXContainerItemProxy;
			containerPortal = 5CA4E1802A842028007EDA87 /* Project object */;
			proxyType = 1;
			remoteGlobalIDString = 5CA4E1872A842028007EDA87;
			remoteInfo = RecipeApp;
		};
/* End PBXContainerItemProxy section */

/* Begin PBXFileReference section */
		5CA4E1882A842028007EDA87 /* RecipeApp.app */ = {isa = PBXFileReference; explicitFileType = wrapper.application; includeInIndex = 0; path = RecipeApp.app; sourceTree = BUILT_PRODUCTS_DIR; };
		5CA4E18B2A842028007EDA87 /* AppDelegate.swift */ = {isa = PBXFileReference; lastKnownFileType = sourcecode.swift; path = AppDelegate.swift; sourceTree = "<group>"; };
		5CA4E18D2A842028007EDA87 /* SceneDelegate.swift */ = {isa = PBXFileReference; lastKnownFileType = sourcecode.swift; path = SceneDelegate.swift; sourceTree = "<group>"; };
		5CA4E18F2A842028007EDA87 /* HomeViewController.swift */ = {isa = PBXFileReference; lastKnownFileType = sourcecode.swift; path = HomeViewController.swift; sourceTree = "<group>"; };
		5CA4E1922A842028007EDA87 /* Base */ = {isa = PBXFileReference; lastKnownFileType = file.storyboard; name = Base; path = Base.lproj/Main.storyboard; sourceTree = "<group>"; };
		5CA4E1942A842028007EDA87 /* Assets.xcassets */ = {isa = PBXFileReference; lastKnownFileType = folder.assetcatalog; path = Assets.xcassets; sourceTree = "<group>"; };
		5CA4E1972A842028007EDA87 /* Base */ = {isa = PBXFileReference; lastKnownFileType = file.storyboard; name = Base; path = Base.lproj/LaunchScreen.storyboard; sourceTree = "<group>"; };
		5CA4E1992A842028007EDA87 /* Info.plist */ = {isa = PBXFileReference; lastKnownFileType = text.plist.xml; path = Info.plist; sourceTree = "<group>"; };
		5CA4E19E2A842028007EDA87 /* RecipeAppTests.xctest */ = {isa = PBXFileReference; explicitFileType = wrapper.cfbundle; includeInIndex = 0; path = RecipeAppTests.xctest; sourceTree = BUILT_PRODUCTS_DIR; };
		5CA4E1A82A842028007EDA87 /* RecipeAppUITests.xctest */ = {isa = PBXFileReference; explicitFileType = wrapper.cfbundle; includeInIndex = 0; path = RecipeAppUITests.xctest; sourceTree = BUILT_PRODUCTS_DIR; };
		5CA4E1BB2A842603007EDA87 /* Recipes.json */ = {isa = PBXFileReference; lastKnownFileType = text.json; path = Recipes.json; sourceTree = "<group>"; };
		5CA4E1C02A842647007EDA87 /* Recipe.swift */ = {isa = PBXFileReference; lastKnownFileType = sourcecode.swift; path = Recipe.swift; sourceTree = "<group>"; };
		5CA4E1C22A84267A007EDA87 /* RecipesData.swift */ = {isa = PBXFileReference; lastKnownFileType = sourcecode.swift; path = RecipesData.swift; sourceTree = "<group>"; };
/* End PBXFileReference section */

/* Begin PBXFrameworksBuildPhase section */
		5CA4E1852A842028007EDA87 /* Frameworks */ = {
			isa = PBXFrameworksBuildPhase;
			buildActionMask = 2147483647;
			files = (
			);
			runOnlyForDeploymentPostprocessing = 0;
		};
		5CA4E19B2A842028007EDA87 /* Frameworks */ = {
			isa = PBXFrameworksBuildPhase;
			buildActionMask = 2147483647;
			files = (
			);
			runOnlyForDeploymentPostprocessing = 0;
		};
		5CA4E1A52A842028007EDA87 /* Frameworks */ = {
			isa = PBXFrameworksBuildPhase;
			buildActionMask = 2147483647;
			files = (
			);
			runOnlyForDeploymentPostprocessing = 0;
		};
/* End PBXFrameworksBuildPhase section */

/* Begin PBXGroup section */
		5C0A76622A941BE700E55BC5 /* Delegate */ = {
			isa = PBXGroup;
			children = (
				5CA4E18B2A842028007EDA87 /* AppDelegate.swift */,
				5CA4E18D2A842028007EDA87 /* SceneDelegate.swift */,
			);
			path = Delegate;
			sourceTree = "<group>";
		};
		5C0A76632A941BF100E55BC5 /* API */ = {
			isa = PBXGroup;
			children = (
				5CA4E1BB2A842603007EDA87 /* Recipes.json */,
			);
			path = API;
			sourceTree = "<group>";
		};
		5CA4E17F2A842028007EDA87 = {
			isa = PBXGroup;
			children = (
				5CA4E18A2A842028007EDA87 /* RecipeApp */,
				5CA4E1892A842028007EDA87 /* Products */,
			);
			sourceTree = "<group>";
		};
		5CA4E1892A842028007EDA87 /* Products */ = {
			isa = PBXGroup;
			children = (
				5CA4E1882A842028007EDA87 /* RecipeApp.app */,
				5CA4E19E2A842028007EDA87 /* RecipeAppTests.xctest */,
				5CA4E1A82A842028007EDA87 /* RecipeAppUITests.xctest */,
			);
			name = Products;
			sourceTree = "<group>";
		};
		5CA4E18A2A842028007EDA87 /* RecipeApp */ = {
			isa = PBXGroup;
			children = (
				5CA4E1992A842028007EDA87 /* Info.plist */,
				5CA4E1942A842028007EDA87 /* Assets.xcassets */,
				5C0A76632A941BF100E55BC5 /* API */,
				5C0A76622A941BE700E55BC5 /* Delegate */,
				5CA4E1BD2A842630007EDA87 /* Model */,
				5CA4E1BE2A842634007EDA87 /* View */,
				5CA4E1BF2A842638007EDA87 /* Controller */,
			);
			path = RecipeApp;
			sourceTree = "<group>";
		};
		5CA4E1BD2A842630007EDA87 /* Model */ = {
			isa = PBXGroup;
			children = (
				5CA4E1C02A842647007EDA87 /* Recipe.swift */,
				5CA4E1C22A84267A007EDA87 /* RecipesData.swift */,
			);
			path = Model;
			sourceTree = "<group>";
		};
		5CA4E1BE2A842634007EDA87 /* View */ = {
			isa = PBXGroup;
			children = (
				5CA4E1962A842028007EDA87 /* LaunchScreen.storyboard */,
				5CA4E1912A842028007EDA87 /* Main.storyboard */,
			);
			path = View;
			sourceTree = "<group>";
		};
		5CA4E1BF2A842638007EDA87 /* Controller */ = {
			isa = PBXGroup;
			children = (
				5CA4E18F2A842028007EDA87 /* HomeViewController.swift */,
			);
			path = Controller;
			sourceTree = "<group>";
		};
/* End PBXGroup section */

/* Begin PBXNativeTarget section */
		5CA4E1872A842028007EDA87 /* RecipeApp */ = {
			isa = PBXNativeTarget;
			buildConfigurationList = 5CA4E1B22A842029007EDA87 /* Build configuration list for PBXNativeTarget "RecipeApp" */;
			buildPhases = (
				5CA4E1842A842028007EDA87 /* Sources */,
				5CA4E1852A842028007EDA87 /* Frameworks */,
				5CA4E1862A842028007EDA87 /* Resources */,
			);
			buildRules = (
			);
			dependencies = (
			);
			name = RecipeApp;
			productName = RecipeApp;
			productReference = 5CA4E1882A842028007EDA87 /* RecipeApp.app */;
			productType = "com.apple.product-type.application";
		};
		5CA4E19D2A842028007EDA87 /* RecipeAppTests */ = {
			isa = PBXNativeTarget;
			buildConfigurationList = 5CA4E1B52A842029007EDA87 /* Build configuration list for PBXNativeTarget "RecipeAppTests" */;
			buildPhases = (
				5CA4E19A2A842028007EDA87 /* Sources */,
				5CA4E19B2A842028007EDA87 /* Frameworks */,
				5CA4E19C2A842028007EDA87 /* Resources */,
			);
			buildRules = (
			);
			dependencies = (
				5CA4E1A02A842028007EDA87 /* PBXTargetDependency */,
			);
			name = RecipeAppTests;
			productName = RecipeAppTests;
			productReference = 5CA4E19E2A842028007EDA87 /* RecipeAppTests.xctest */;
			productType = "com.apple.product-type.bundle.unit-test";
		};
		5CA4E1A72A842028007EDA87 /* RecipeAppUITests */ = {
			isa = PBXNativeTarget;
			buildConfigurationList = 5CA4E1B82A842029007EDA87 /* Build configuration list for PBXNativeTarget "RecipeAppUITests" */;
			buildPhases = (
				5CA4E1A42A842028007EDA87 /* Sources */,
				5CA4E1A52A842028007EDA87 /* Frameworks */,
				5CA4E1A62A842028007EDA87 /* Resources */,
			);
			buildRules = (
			);
			dependencies = (
				5CA4E1AA2A842028007EDA87 /* PBXTargetDependency */,
			);
			name = RecipeAppUITests;
			productName = RecipeAppUITests;
			productReference = 5CA4E1A82A842028007EDA87 /* RecipeAppUITests.xctest */;
			productType = "com.apple.product-type.bundle.ui-testing";
		};
/* End PBXNativeTarget section */

/* Begin PBXProject section */
		5CA4E1802A842028007EDA87 /* Project object */ = {
			isa = PBXProject;
			attributes = {
				BuildIndependentTargetsInParallel = 1;
				LastSwiftUpdateCheck = 1430;
				LastUpgradeCheck = 1430;
				TargetAttributes = {
					5CA4E1872A842028007EDA87 = {
						CreatedOnToolsVersion = 14.3.1;
					};
					5CA4E19D2A842028007EDA87 = {
						CreatedOnToolsVersion = 14.3.1;
						TestTargetID = 5CA4E1872A842028007EDA87;
					};
					5CA4E1A72A842028007EDA87 = {
						CreatedOnToolsVersion = 14.3.1;
						TestTargetID = 5CA4E1872A842028007EDA87;
					};
				};
			};
			buildConfigurationList = 5CA4E1832A842028007EDA87 /* Build configuration list for PBXProject "RecipeApp" */;
			compatibilityVersion = "Xcode 14.0";
			developmentRegion = en;
			hasScannedForEncodings = 0;
			knownRegions = (
				en,
				Base,
			);
			mainGroup = 5CA4E17F2A842028007EDA87;
			productRefGroup = 5CA4E1892A842028007EDA87 /* Products */;
			projectDirPath = "";
			projectRoot = "";
			targets = (
				5CA4E1872A842028007EDA87 /* RecipeApp */,
				5CA4E19D2A842028007EDA87 /* RecipeAppTests */,
				5CA4E1A72A842028007EDA87 /* RecipeAppUITests */,
			);
		};
/* End PBXProject section */

/* Begin PBXResourcesBuildPhase section */
		5CA4E1862A842028007EDA87 /* Resources */ = {
			isa = PBXResourcesBuildPhase;
			buildActionMask = 2147483647;
			files = (
				5CA4E1982A842028007EDA87 /* LaunchScreen.storyboard in Resources */,
				5CA4E1952A842028007EDA87 /* Assets.xcassets in Resources */,
				5CA4E1BC2A842603007EDA87 /* Recipes.json in Resources */,
				5CA4E1932A842028007EDA87 /* Main.storyboard in Resources */,
			);
			runOnlyForDeploymentPostprocessing = 0;
		};
		5CA4E19C2A842028007EDA87 /* Resources */ = {
			isa = PBXResourcesBuildPhase;
			buildActionMask = 2147483647;
			files = (
			);
			runOnlyForDeploymentPostprocessing = 0;
		};
		5CA4E1A62A842028007EDA87 /* Resources */ = {
			isa = PBXResourcesBuildPhase;
			buildActionMask = 2147483647;
			files = (
			);
			runOnlyForDeploymentPostprocessing = 0;
		};
/* End PBXResourcesBuildPhase section */

/* Begin PBXSourcesBuildPhase section */
		5CA4E1842A842028007EDA87 /* Sources */ = {
			isa = PBXSourcesBuildPhase;
			buildActionMask = 2147483647;
			files = (
				5CA4E1902A842028007EDA87 /* HomeViewController.swift in Sources */,
				5CA4E18C2A842028007EDA87 /* AppDelegate.swift in Sources */,
				5CA4E1C32A84267A007EDA87 /* RecipesData.swift in Sources */,
				5CA4E18E2A842028007EDA87 /* SceneDelegate.swift in Sources */,
				5CA4E1C12A842647007EDA87 /* Recipe.swift in Sources */,
			);
			runOnlyForDeploymentPostprocessing = 0;
		};
		5CA4E19A2A842028007EDA87 /* Sources */ = {
			isa = PBXSourcesBuildPhase;
			buildActionMask = 2147483647;
			files = (
			);
			runOnlyForDeploymentPostprocessing = 0;
		};
		5CA4E1A42A842028007EDA87 /* Sources */ = {
			isa = PBXSourcesBuildPhase;
			buildActionMask = 2147483647;
			files = (
			);
			runOnlyForDeploymentPostprocessing = 0;
		};
/* End PBXSourcesBuildPhase section */

/* Begin PBXTargetDependency section */
		5CA4E1A02A842028007EDA87 /* PBXTargetDependency */ = {
			isa = PBXTargetDependency;
			target = 5CA4E1872A842028007EDA87 /* RecipeApp */;
			targetProxy = 5CA4E19F2A842028007EDA87 /* PBXContainerItemProxy */;
		};
		5CA4E1AA2A842028007EDA87 /* PBXTargetDependency */ = {
			isa = PBXTargetDependency;
			target = 5CA4E1872A842028007EDA87 /* RecipeApp */;
			targetProxy = 5CA4E1A92A842028007EDA87 /* PBXContainerItemProxy */;
		};
/* End PBXTargetDependency section */

/* Begin PBXVariantGroup section */
		5CA4E1912A842028007EDA87 /* Main.storyboard */ = {
			isa = PBXVariantGroup;
			children = (
				5CA4E1922A842028007EDA87 /* Base */,
			);
			name = Main.storyboard;
			sourceTree = "<group>";
		};
		5CA4E1962A842028007EDA87 /* LaunchScreen.storyboard */ = {
			isa = PBXVariantGroup;
			children = (
				5CA4E1972A842028007EDA87 /* Base */,
			);
			name = LaunchScreen.storyboard;
			sourceTree = "<group>";
		};
/* End PBXVariantGroup section */

/* Begin XCBuildConfiguration section */
		5CA4E1B02A842029007EDA87 /* Debug */ = {
			isa = XCBuildConfiguration;
			buildSettings = {
				ALWAYS_SEARCH_USER_PATHS = NO;
				CLANG_ANALYZER_NONNULL = YES;
				CLANG_ANALYZER_NUMBER_OBJECT_CONVERSION = YES_AGGRESSIVE;
				CLANG_CXX_LANGUAGE_STANDARD = "gnu++20";
				CLANG_ENABLE_MODULES = YES;
				CLANG_ENABLE_OBJC_ARC = YES;
				CLANG_ENABLE_OBJC_WEAK = YES;
				CLANG_WARN_BLOCK_CAPTURE_AUTORELEASING = YES;
				CLANG_WARN_BOOL_CONVERSION = YES;
				CLANG_WARN_COMMA = YES;
				CLANG_WARN_CONSTANT_CONVERSION = YES;
				CLANG_WARN_DEPRECATED_OBJC_IMPLEMENTATIONS = YES;
				CLANG_WARN_DIRECT_OBJC_ISA_USAGE = YES_ERROR;
				CLANG_WARN_DOCUMENTATION_COMMENTS = YES;
				CLANG_WARN_EMPTY_BODY = YES;
				CLANG_WARN_ENUM_CONVERSION = YES;
				CLANG_WARN_INFINITE_RECURSION = YES;
				CLANG_WARN_INT_CONVERSION = YES;
				CLANG_WARN_NON_LITERAL_NULL_CONVERSION = YES;
				CLANG_WARN_OBJC_IMPLICIT_RETAIN_SELF = YES;
				CLANG_WARN_OBJC_LITERAL_CONVERSION = YES;
				CLANG_WARN_OBJC_ROOT_CLASS = YES_ERROR;
				CLANG_WARN_QUOTED_INCLUDE_IN_FRAMEWORK_HEADER = YES;
				CLANG_WARN_RANGE_LOOP_ANALYSIS = YES;
				CLANG_WARN_STRICT_PROTOTYPES = YES;
				CLANG_WARN_SUSPICIOUS_MOVE = YES;
				CLANG_WARN_UNGUARDED_AVAILABILITY = YES_AGGRESSIVE;
				CLANG_WARN_UNREACHABLE_CODE = YES;
				CLANG_WARN__DUPLICATE_METHOD_MATCH = YES;
				COPY_PHASE_STRIP = NO;
				DEBUG_INFORMATION_FORMAT = dwarf;
				ENABLE_STRICT_OBJC_MSGSEND = YES;
				ENABLE_TESTABILITY = YES;
				GCC_C_LANGUAGE_STANDARD = gnu11;
				GCC_DYNAMIC_NO_PIC = NO;
				GCC_NO_COMMON_BLOCKS = YES;
				GCC_OPTIMIZATION_LEVEL = 0;
				GCC_PREPROCESSOR_DEFINITIONS = (
					"DEBUG=1",
					"$(inherited)",
				);
				GCC_WARN_64_TO_32_BIT_CONVERSION = YES;
				GCC_WARN_ABOUT_RETURN_TYPE = YES_ERROR;
				GCC_WARN_UNDECLARED_SELECTOR = YES;
				GCC_WARN_UNINITIALIZED_AUTOS = YES_AGGRESSIVE;
				GCC_WARN_UNUSED_FUNCTION = YES;
				GCC_WARN_UNUSED_VARIABLE = YES;
				IPHONEOS_DEPLOYMENT_TARGET = 16.4;
				MTL_ENABLE_DEBUG_INFO = INCLUDE_SOURCE;
				MTL_FAST_MATH = YES;
				ONLY_ACTIVE_ARCH = YES;
				SDKROOT = iphoneos;
				SWIFT_ACTIVE_COMPILATION_CONDITIONS = DEBUG;
				SWIFT_OPTIMIZATION_LEVEL = "-Onone";
			};
			name = Debug;
		};
		5CA4E1B12A842029007EDA87 /* Release */ = {
			isa = XCBuildConfiguration;
			buildSettings = {
				ALWAYS_SEARCH_USER_PATHS = NO;
				CLANG_ANALYZER_NONNULL = YES;
				CLANG_ANALYZER_NUMBER_OBJECT_CONVERSION = YES_AGGRESSIVE;
				CLANG_CXX_LANGUAGE_STANDARD = "gnu++20";
				CLANG_ENABLE_MODULES = YES;
				CLANG_ENABLE_OBJC_ARC = YES;
				CLANG_ENABLE_OBJC_WEAK = YES;
				CLANG_WARN_BLOCK_CAPTURE_AUTORELEASING = YES;
				CLANG_WARN_BOOL_CONVERSION = YES;
				CLANG_WARN_COMMA = YES;
				CLANG_WARN_CONSTANT_CONVERSION = YES;
				CLANG_WARN_DEPRECATED_OBJC_IMPLEMENTATIONS = YES;
				CLANG_WARN_DIRECT_OBJC_ISA_USAGE = YES_ERROR;
				CLANG_WARN_DOCUMENTATION_COMMENTS = YES;
				CLANG_WARN_EMPTY_BODY = YES;
				CLANG_WARN_ENUM_CONVERSION = YES;
				CLANG_WARN_INFINITE_RECURSION = YES;
				CLANG_WARN_INT_CONVERSION = YES;
				CLANG_WARN_NON_LITERAL_NULL_CONVERSION = YES;
				CLANG_WARN_OBJC_IMPLICIT_RETAIN_SELF = YES;
				CLANG_WARN_OBJC_LITERAL_CONVERSION = YES;
				CLANG_WARN_OBJC_ROOT_CLASS = YES_ERROR;
				CLANG_WARN_QUOTED_INCLUDE_IN_FRAMEWORK_HEADER = YES;
				CLANG_WARN_RANGE_LOOP_ANALYSIS = YES;
				CLANG_WARN_STRICT_PROTOTYPES = YES;
				CLANG_WARN_SUSPICIOUS_MOVE = YES;
				CLANG_WARN_UNGUARDED_AVAILABILITY = YES_AGGRESSIVE;
				CLANG_WARN_UNREACHABLE_CODE = YES;
				CLANG_WARN__DUPLICATE_METHOD_MATCH = YES;
				COPY_PHASE_STRIP = NO;
				DEBUG_INFORMATION_FORMAT = "dwarf-with-dsym";
				ENABLE_NS_ASSERTIONS = NO;
				ENABLE_STRICT_OBJC_MSGSEND = YES;
				GCC_C_LANGUAGE_STANDARD = gnu11;
				GCC_NO_COMMON_BLOCKS = YES;
				GCC_WARN_64_TO_32_BIT_CONVERSION = YES;
				GCC_WARN_ABOUT_RETURN_TYPE = YES_ERROR;
				GCC_WARN_UNDECLARED_SELECTOR = YES;
				GCC_WARN_UNINITIALIZED_AUTOS = YES_AGGRESSIVE;
				GCC_WARN_UNUSED_FUNCTION = YES;
				GCC_WARN_UNUSED_VARIABLE = YES;
				IPHONEOS_DEPLOYMENT_TARGET = 16.4;
				MTL_ENABLE_DEBUG_INFO = NO;
				MTL_FAST_MATH = YES;
				SDKROOT = iphoneos;
				SWIFT_COMPILATION_MODE = wholemodule;
				SWIFT_OPTIMIZATION_LEVEL = "-O";
				VALIDATE_PRODUCT = YES;
			};
			name = Release;
		};
		5CA4E1B32A842029007EDA87 /* Debug */ = {
			isa = XCBuildConfiguration;
			buildSettings = {
				ASSETCATALOG_COMPILER_APPICON_NAME = AppIcon;
				ASSETCATALOG_COMPILER_GLOBAL_ACCENT_COLOR_NAME = AccentColor;
				CODE_SIGN_STYLE = Automatic;
				CURRENT_PROJECT_VERSION = 1;
				GENERATE_INFOPLIST_FILE = YES;
				INFOPLIST_FILE = RecipeApp/Info.plist;
				INFOPLIST_KEY_UIApplicationSupportsIndirectInputEvents = YES;
				INFOPLIST_KEY_UILaunchStoryboardName = LaunchScreen;
				INFOPLIST_KEY_UIMainStoryboardFile = Main;
				INFOPLIST_KEY_UISupportedInterfaceOrientations = UIInterfaceOrientationPortrait;
				INFOPLIST_KEY_UISupportedInterfaceOrientations_iPad = "UIInterfaceOrientationLandscapeLeft UIInterfaceOrientationLandscapeRight UIInterfaceOrientationPortraitUpsideDown";
				LD_RUNPATH_SEARCH_PATHS = (
					"$(inherited)",
					"@executable_path/Frameworks",
				);
				MARKETING_VERSION = 1.0;
				PRODUCT_BUNDLE_IDENTIFIER = com.selv3r.RecipeApp;
				PRODUCT_NAME = "$(TARGET_NAME)";
				SUPPORTED_PLATFORMS = "iphoneos iphonesimulator";
				SUPPORTS_MACCATALYST = NO;
				SUPPORTS_MAC_DESIGNED_FOR_IPHONE_IPAD = NO;
				SWIFT_EMIT_LOC_STRINGS = YES;
				SWIFT_VERSION = 5.0;
				TARGETED_DEVICE_FAMILY = 1;
			};
			name = Debug;
		};
		5CA4E1B42A842029007EDA87 /* Release */ = {
			isa = XCBuildConfiguration;
			buildSettings = {
				ASSETCATALOG_COMPILER_APPICON_NAME = AppIcon;
				ASSETCATALOG_COMPILER_GLOBAL_ACCENT_COLOR_NAME = AccentColor;
				CODE_SIGN_STYLE = Automatic;
				CURRENT_PROJECT_VERSION = 1;
				GENERATE_INFOPLIST_FILE = YES;
				INFOPLIST_FILE = RecipeApp/Info.plist;
				INFOPLIST_KEY_UIApplicationSupportsIndirectInputEvents = YES;
				INFOPLIST_KEY_UILaunchStoryboardName = LaunchScreen;
				INFOPLIST_KEY_UIMainStoryboardFile = Main;
				INFOPLIST_KEY_UISupportedInterfaceOrientations = UIInterfaceOrientationPortrait;
				INFOPLIST_KEY_UISupportedInterfaceOrientations_iPad = "UIInterfaceOrientationLandscapeLeft UIInterfaceOrientationLandscapeRight UIInterfaceOrientationPortraitUpsideDown";
				LD_RUNPATH_SEARCH_PATHS = (
					"$(inherited)",
					"@executable_path/Frameworks",
				);
				MARKETING_VERSION = 1.0;
				PRODUCT_BUNDLE_IDENTIFIER = com.selv3r.RecipeApp;
				PRODUCT_NAME = "$(TARGET_NAME)";
				SUPPORTED_PLATFORMS = "iphoneos iphonesimulator";
				SUPPORTS_MACCATALYST = NO;
				SUPPORTS_MAC_DESIGNED_FOR_IPHONE_IPAD = NO;
				SWIFT_EMIT_LOC_STRINGS = YES;
				SWIFT_VERSION = 5.0;
				TARGETED_DEVICE_FAMILY = 1;
			};
			name = Release;
		};
		5CA4E1B62A842029007EDA87 /* Debug */ = {
			isa = XCBuildConfiguration;
			buildSettings = {
				ALWAYS_EMBED_SWIFT_STANDARD_LIBRARIES = YES;
				BUNDLE_LOADER = "$(TEST_HOST)";
				CODE_SIGN_STYLE = Automatic;
				CURRENT_PROJECT_VERSION = 1;
				GENERATE_INFOPLIST_FILE = YES;
				IPHONEOS_DEPLOYMENT_TARGET = 16.4;
				MARKETING_VERSION = 1.0;
				PRODUCT_BUNDLE_IDENTIFIER = com.selv3r.RecipeAppTests;
				PRODUCT_NAME = "$(TARGET_NAME)";
				SWIFT_EMIT_LOC_STRINGS = NO;
				SWIFT_VERSION = 5.0;
				TARGETED_DEVICE_FAMILY = "1,2";
				TEST_HOST = "$(BUILT_PRODUCTS_DIR)/RecipeApp.app/$(BUNDLE_EXECUTABLE_FOLDER_PATH)/RecipeApp";
			};
			name = Debug;
		};
		5CA4E1B72A842029007EDA87 /* Release */ = {
			isa = XCBuildConfiguration;
			buildSettings = {
				ALWAYS_EMBED_SWIFT_STANDARD_LIBRARIES = YES;
				BUNDLE_LOADER = "$(TEST_HOST)";
				CODE_SIGN_STYLE = Automatic;
				CURRENT_PROJECT_VERSION = 1;
				GENERATE_INFOPLIST_FILE = YES;
				IPHONEOS_DEPLOYMENT_TARGET = 16.4;
				MARKETING_VERSION = 1.0;
				PRODUCT_BUNDLE_IDENTIFIER = com.selv3r.RecipeAppTests;
				PRODUCT_NAME = "$(TARGET_NAME)";
				SWIFT_EMIT_LOC_STRINGS = NO;
				SWIFT_VERSION = 5.0;
				TARGETED_DEVICE_FAMILY = "1,2";
				TEST_HOST = "$(BUILT_PRODUCTS_DIR)/RecipeApp.app/$(BUNDLE_EXECUTABLE_FOLDER_PATH)/RecipeApp";
			};
			name = Release;
		};
		5CA4E1B92A842029007EDA87 /* Debug */ = {
			isa = XCBuildConfiguration;
			buildSettings = {
				ALWAYS_EMBED_SWIFT_STANDARD_LIBRARIES = YES;
				CODE_SIGN_STYLE = Automatic;
				CURRENT_PROJECT_VERSION = 1;
				GENERATE_INFOPLIST_FILE = YES;
				MARKETING_VERSION = 1.0;
				PRODUCT_BUNDLE_IDENTIFIER = com.selv3r.RecipeAppUITests;
				PRODUCT_NAME = "$(TARGET_NAME)";
				SWIFT_EMIT_LOC_STRINGS = NO;
				SWIFT_VERSION = 5.0;
				TARGETED_DEVICE_FAMILY = "1,2";
				TEST_TARGET_NAME = RecipeApp;
			};
			name = Debug;
		};
		5CA4E1BA2A842029007EDA87 /* Release */ = {
			isa = XCBuildConfiguration;
			buildSettings = {
				ALWAYS_EMBED_SWIFT_STANDARD_LIBRARIES = YES;
				CODE_SIGN_STYLE = Automatic;
				CURRENT_PROJECT_VERSION = 1;
				GENERATE_INFOPLIST_FILE = YES;
				MARKETING_VERSION = 1.0;
				PRODUCT_BUNDLE_IDENTIFIER = com.selv3r.RecipeAppUITests;
				PRODUCT_NAME = "$(TARGET_NAME)";
				SWIFT_EMIT_LOC_STRINGS = NO;
				SWIFT_VERSION = 5.0;
				TARGETED_DEVICE_FAMILY = "1,2";
				TEST_TARGET_NAME = RecipeApp;
			};
			name = Release;
		};
/* End XCBuildConfiguration section */

/* Begin XCConfigurationList section */
		5CA4E1832A842028007EDA87 /* Build configuration list for PBXProject "RecipeApp" */ = {
			isa = XCConfigurationList;
			buildConfigurations = (
				5CA4E1B02A842029007EDA87 /* Debug */,
				5CA4E1B12A842029007EDA87 /* Release */,
			);
			defaultConfigurationIsVisible = 0;
			defaultConfigurationName = Release;
		};
		5CA4E1B22A842029007EDA87 /* Build configuration list for PBXNativeTarget "RecipeApp" */ = {
			isa = XCConfigurationList;
			buildConfigurations = (
				5CA4E1B32A842029007EDA87 /* Debug */,
				5CA4E1B42A842029007EDA87 /* Release */,
			);
			defaultConfigurationIsVisible = 0;
			defaultConfigurationName = Release;
		};
		5CA4E1B52A842029007EDA87 /* Build configuration list for PBXNativeTarget "RecipeAppTests" */ = {
			isa = XCConfigurationList;
			buildConfigurations = (
				5CA4E1B62A842029007EDA87 /* Debug */,
				5CA4E1B72A842029007EDA87 /* Release */,
			);
			defaultConfigurationIsVisible = 0;
			defaultConfigurationName = Release;
		};
		5CA4E1B82A842029007EDA87 /* Build configuration list for PBXNativeTarget "RecipeAppUITests" */ = {
			isa = XCConfigurationList;
			buildConfigurations = (
				5CA4E1B92A842029007EDA87 /* Debug */,
				5CA4E1BA2A842029007EDA87 /* Release */,
			);
			defaultConfigurationIsVisible = 0;
			defaultConfigurationName = Release;
		};
/* End XCConfigurationList section */
	};
	rootObject = 5CA4E1802A842028007EDA87 /* Project object */;
}
